
Microsoft Visual Studio Solution File, Format Version 12.00
# Visual Studio 15
VisualStudioVersion = 15.0.27004.2009
MinimumVisualStudioVersion = 10.0.40219.1
Project("{FAE04EC0-301F-11D3-BF4B-00C04F79EFBC}") = "ClassLibrary1", "ClassLibrary1\ClassLibrary1.csproj", "{CE596BCB-0AE9-4ED8-A197-1F6AC2DB7C6F}"
EndProject
Global
	GlobalSection(SolutionConfigurationPlatforms) = preSolution
		Debug|Any CPU = Debug|Any CPU
		Release|Any CPU = Release|Any CPU
	EndGlobalSection
	GlobalSection(ProjectConfigurationPlatforms) = postSolution
		{CE596BCB-0AE9-4ED8-A197-1F6AC2DB7C6F}.Debug|Any CPU.ActiveCfg = Debug|Any CPU
		{CE596BCB-0AE9-4ED8-A197-1F6AC2DB7C6F}.Debug|Any CPU.Build.0 = Debug|Any CPU
		{CE596BCB-0AE9-4ED8-A197-1F6AC2DB7C6F}.Release|Any CPU.ActiveCfg = Release|Any CPU
		{CE596BCB-0AE9-4ED8-A197-1F6AC2DB7C6F}.Release|Any CPU.Build.0 = Release|Any CPU
	EndGlobalSection
	GlobalSection(SolutionProperties) = preSolution
		HideSolutionNode = FALSE
	EndGlobalSection
	GlobalSection(ExtensibilityGlobals) = postSolution
		SolutionGuid = {BC8690CA-B58C-4D4F-B8BE-12BAD1805A68}
	EndGlobalSection
EndGlobal
